
Microsoft Visual Studio Solution File, Format Version 12.00
# Visual Studio Version 17
VisualStudioVersion = 17.9.34902.65
MinimumVisualStudioVersion = 10.0.40219.1
Project("{9A19103F-16F7-4668-BE54-9A1E7A4F7556}") = "Menu_1", "Menu_1\Menu_1.csproj", "{FA9EDC07-A756-4832-B624-D926CDD4E30D}"
EndProject
Project("{9A19103F-16F7-4668-BE54-9A1E7A4F7556}") = "FormsFractales", "FormsFractales\FormsFractales.csproj", "{1E78C21D-9355-4D79-BD8A-89E1BB2806EE}"
EndProject
Project("{9A19103F-16F7-4668-BE54-9A1E7A4F7556}") = "FormsGraficos", "FormsLineas\FormsGraficos.csproj", "{D1F4A0E4-7EEA-4ED8-8BD7-735C2E09F3CA}"
EndProject
Project("{9A19103F-16F7-4668-BE54-9A1E7A4F7556}") = "FormsMenu", "FormsMenu\FormsMenu.csproj", "{E16AEABB-B144-43FD-81F9-E0EBB24027D0}"
EndProject
Project("{9A19103F-16F7-4668-BE54-9A1E7A4F7556}") = "Deformacion", "Deformacion\Deformacion.csproj", "{5D335568-C712-4F55-840A-3B475DA3F16D}"
EndProject
Project("{FAE04EC0-301F-11D3-BF4B-00C04F79EFBC}") = "Matrices", "Matrices\Matrices.csproj", "{E29878EF-698B-465B-AC34-C6857F1C1904}"
EndProject
Global
	GlobalSection(SolutionConfigurationPlatforms) = preSolution
		Debug|Any CPU = Debug|Any CPU
		Release|Any CPU = Release|Any CPU
	EndGlobalSection
	GlobalSection(ProjectConfigurationPlatforms) = postSolution
		{FA9EDC07-A756-4832-B624-D926CDD4E30D}.Debug|Any CPU.ActiveCfg = Debug|Any CPU
		{FA9EDC07-A756-4832-B624-D926CDD4E30D}.Debug|Any CPU.Build.0 = Debug|Any CPU
		{FA9EDC07-A756-4832-B624-D926CDD4E30D}.Release|Any CPU.ActiveCfg = Release|Any CPU
		{FA9EDC07-A756-4832-B624-D926CDD4E30D}.Release|Any CPU.Build.0 = Release|Any CPU
		{1E78C21D-9355-4D79-BD8A-89E1BB2806EE}.Debug|Any CPU.ActiveCfg = Debug|Any CPU
		{1E78C21D-9355-4D79-BD8A-89E1BB2806EE}.Debug|Any CPU.Build.0 = Debug|Any CPU
		{1E78C21D-9355-4D79-BD8A-89E1BB2806EE}.Release|Any CPU.ActiveCfg = Release|Any CPU
		{1E78C21D-9355-4D79-BD8A-89E1BB2806EE}.Release|Any CPU.Build.0 = Release|Any CPU
		{D1F4A0E4-7EEA-4ED8-8BD7-735C2E09F3CA}.Debug|Any CPU.ActiveCfg = Debug|Any CPU
		{D1F4A0E4-7EEA-4ED8-8BD7-735C2E09F3CA}.Debug|Any CPU.Build.0 = Debug|Any CPU
		{D1F4A0E4-7EEA-4ED8-8BD7-735C2E09F3CA}.Release|Any CPU.ActiveCfg = Release|Any CPU
		{D1F4A0E4-7EEA-4ED8-8BD7-735C2E09F3CA}.Release|Any CPU.Build.0 = Release|Any CPU
		{E16AEABB-B144-43FD-81F9-E0EBB24027D0}.Debug|Any CPU.ActiveCfg = Debug|Any CPU
		{E16AEABB-B144-43FD-81F9-E0EBB24027D0}.Debug|Any CPU.Build.0 = Debug|Any CPU
		{E16AEABB-B144-43FD-81F9-E0EBB24027D0}.Release|Any CPU.ActiveCfg = Release|Any CPU
		{E16AEABB-B144-43FD-81F9-E0EBB24027D0}.Release|Any CPU.Build.0 = Release|Any CPU
		{5D335568-C712-4F55-840A-3B475DA3F16D}.Debug|Any CPU.ActiveCfg = Debug|Any CPU
		{5D335568-C712-4F55-840A-3B475DA3F16D}.Debug|Any CPU.Build.0 = Debug|Any CPU
		{5D335568-C712-4F55-840A-3B475DA3F16D}.Release|Any CPU.ActiveCfg = Release|Any CPU
		{5D335568-C712-4F55-840A-3B475DA3F16D}.Release|Any CPU.Build.0 = Release|Any CPU
		{E29878EF-698B-465B-AC34-C6857F1C1904}.Debug|Any CPU.ActiveCfg = Debug|Any CPU
		{E29878EF-698B-465B-AC34-C6857F1C1904}.Debug|Any CPU.Build.0 = Debug|Any CPU
		{E29878EF-698B-465B-AC34-C6857F1C1904}.Release|Any CPU.ActiveCfg = Release|Any CPU
		{E29878EF-698B-465B-AC34-C6857F1C1904}.Release|Any CPU.Build.0 = Release|Any CPU
	EndGlobalSection
	GlobalSection(SolutionProperties) = preSolution
		HideSolutionNode = FALSE
	EndGlobalSection
	GlobalSection(ExtensibilityGlobals) = postSolution
		SolutionGuid = {72F34D38-A372-4A55-939C-6651A09906D0}
	EndGlobalSection
EndGlobal
